// !$*UTF8*$!
{
	archiveVersion = 1;
	classes = {
	};
	objectVersion = 56;
	objects = {

/* Begin PBXBuildFile section */
		EACEF59329678EC4007E2D61 /* AppDelegate.swift in Sources */ = {isa = PBXBuildFile; fileRef = EACEF59229678EC4007E2D61 /* AppDelegate.swift */; };
		EACEF59529678EC4007E2D61 /* SceneDelegate.swift in Sources */ = {isa = PBXBuildFile; fileRef = EACEF59429678EC4007E2D61 /* SceneDelegate.swift */; };
		EACEF59729678EC4007E2D61 /* ViewController.swift in Sources */ = {isa = PBXBuildFile; fileRef = EACEF59629678EC4007E2D61 /* ViewController.swift */; };
		EACEF59A29678EC4007E2D61 /* Main.storyboard in Resources */ = {isa = PBXBuildFile; fileRef = EACEF59829678EC4007E2D61 /* Main.storyboard */; };
		EACEF59C29678EC5007E2D61 /* Assets.xcassets in Resources */ = {isa = PBXBuildFile; fileRef = EACEF59B29678EC5007E2D61 /* Assets.xcassets */; };
		EACEF59F29678EC5007E2D61 /* LaunchScreen.storyboard in Resources */ = {isa = PBXBuildFile; fileRef = EACEF59D29678EC5007E2D61 /* LaunchScreen.storyboard */; };
		EACEF5A72967A643007E2D61 /* ReadViewController.swift in Sources */ = {isa = PBXBuildFile; fileRef = EACEF5A62967A642007E2D61 /* ReadViewController.swift */; };
/* End PBXBuildFile section */

/* Begin PBXFileReference section */
		EACEF58F29678EC4007E2D61 /* Chapter02-InputForm.app */ = {isa = PBXFileReference; explicitFileType = wrapper.application; includeInIndex = 0; path = "Chapter02-InputForm.app"; sourceTree = BUILT_PRODUCTS_DIR; };
		EACEF59229678EC4007E2D61 /* AppDelegate.swift */ = {isa = PBXFileReference; lastKnownFileType = sourcecode.swift; path = AppDelegate.swift; sourceTree = "<group>"; };
		EACEF59429678EC4007E2D61 /* SceneDelegate.swift */ = {isa = PBXFileReference; lastKnownFileType = sourcecode.swift; path = SceneDelegate.swift; sourceTree = "<group>"; };
		EACEF59629678EC4007E2D61 /* ViewController.swift */ = {isa = PBXFileReference; lastKnownFileType = sourcecode.swift; path = ViewController.swift; sourceTree = "<group>"; };
		EACEF59929678EC4007E2D61 /* Base */ = {isa = PBXFileReference; lastKnownFileType = file.storyboard; name = Base; path = Base.lproj/Main.storyboard; sourceTree = "<group>"; };
		EACEF59B29678EC5007E2D61 /* Assets.xcassets */ = {isa = PBXFileReference; lastKnownFileType = folder.assetcatalog; path = Assets.xcassets; sourceTree = "<group>"; };
		EACEF59E29678EC5007E2D61 /* Base */ = {isa = PBXFileReference; lastKnownFileType = file.storyboard; name = Base; path = Base.lproj/LaunchScreen.storyboard; sourceTree = "<group>"; };
		EACEF5A029678EC5007E2D61 /* Info.plist */ = {isa = PBXFileReference; lastKnownFileType = text.plist.xml; path = Info.plist; sourceTree = "<group>"; };
		EACEF5A62967A642007E2D61 /* ReadViewController.swift */ = {isa = PBXFileReference; lastKnownFileType = sourcecode.swift; path = ReadViewController.swift; sourceTree = "<group>"; };
/* End PBXFileReference section */

/* Begin PBXFrameworksBuildPhase section */
		EACEF58C29678EC4007E2D61 /* Frameworks */ = {
			isa = PBXFrameworksBuildPhase;
			buildActionMask = 2147483647;
			files = (
			);
			runOnlyForDeploymentPostprocessing = 0;
		};
/* End PBXFrameworksBuildPhase section */

/* Begin PBXGroup section */
		EACEF58629678EC4007E2D61 = {
			isa = PBXGroup;
			children = (
				EACEF59129678EC4007E2D61 /* Chapter02-InputForm */,
				EACEF59029678EC4007E2D61 /* Products */,
			);
			sourceTree = "<group>";
		};
		EACEF59029678EC4007E2D61 /* Products */ = {
			isa = PBXGroup;
			children = (
				EACEF58F29678EC4007E2D61 /* Chapter02-InputForm.app */,
			);
			name = Products;
			sourceTree = "<group>";
		};
		EACEF59129678EC4007E2D61 /* Chapter02-InputForm */ = {
			isa = PBXGroup;
			children = (
				EACEF59229678EC4007E2D61 /* AppDelegate.swift */,
				EACEF59429678EC4007E2D61 /* SceneDelegate.swift */,
				EACEF59629678EC4007E2D61 /* ViewController.swift */,
				EACEF5A62967A642007E2D61 /* ReadViewController.swift */,
				EACEF59829678EC4007E2D61 /* Main.storyboard */,
				EACEF59B29678EC5007E2D61 /* Assets.xcassets */,
				EACEF59D29678EC5007E2D61 /* LaunchScreen.storyboard */,
				EACEF5A029678EC5007E2D61 /* Info.plist */,
			);
			path = "Chapter02-InputForm";
			sourceTree = "<group>";
		};
/* End PBXGroup section */

/* Begin PBXNativeTarget section */
		EACEF58E29678EC4007E2D61 /* Chapter02-InputForm */ = {
			isa = PBXNativeTarget;
			buildConfigurationList = EACEF5A329678EC5007E2D61 /* Build configuration list for PBXNativeTarget "Chapter02-InputForm" */;
			buildPhases = (
				EACEF58B29678EC4007E2D61 /* Sources */,
				EACEF58C29678EC4007E2D61 /* Frameworks */,
				EACEF58D29678EC4007E2D61 /* Resources */,
			);
			buildRules = (
			);
			dependencies = (
			);
			name = "Chapter02-InputForm";
			productName = "Chapter02-InputForm";
			productReference = EACEF58F29678EC4007E2D61 /* Chapter02-InputForm.app */;
			productType = "com.apple.product-type.application";
		};
/* End PBXNativeTarget section */

/* Begin PBXProject section */
		EACEF58729678EC4007E2D61 /* Project object */ = {
			isa = PBXProject;
			attributes = {
				BuildIndependentTargetsInParallel = 1;
				LastSwiftUpdateCheck = 1420;
				LastUpgradeCheck = 1420;
				TargetAttributes = {
					EACEF58E29678EC4007E2D61 = {
						CreatedOnToolsVersion = 14.2;
					};
				};
			};
			buildConfigurationList = EACEF58A29678EC4007E2D61 /* Build configuration list for PBXProject "Chapter02-InputForm" */;
			compatibilityVersion = "Xcode 14.0";
			developmentRegion = en;
			hasScannedForEncodings = 0;
			knownRegions = (
				en,
				Base,
			);
			mainGroup = EACEF58629678EC4007E2D61;
			productRefGroup = EACEF59029678EC4007E2D61 /* Products */;
			projectDirPath = "";
			projectRoot = "";
			targets = (
				EACEF58E29678EC4007E2D61 /* Chapter02-InputForm */,
			);
		};
/* End PBXProject section */

/* Begin PBXResourcesBuildPhase section */
		EACEF58D29678EC4007E2D61 /* Resources */ = {
			isa = PBXResourcesBuildPhase;
			buildActionMask = 2147483647;
			files = (
				EACEF59F29678EC5007E2D61 /* LaunchScreen.storyboard in Resources */,
				EACEF59C29678EC5007E2D61 /* Assets.xcassets in Resources */,
				EACEF59A29678EC4007E2D61 /* Main.storyboard in Resources */,
			);
			runOnlyForDeploymentPostprocessing = 0;
		};
/* End PBXResourcesBuildPhase section */

/* Begin PBXSourcesBuildPhase section */
		EACEF58B29678EC4007E2D61 /* Sources */ = {
			isa = PBXSourcesBuildPhase;
			buildActionMask = 2147483647;
			files = (
				EACEF59729678EC4007E2D61 /* ViewController.swift in Sources */,
				EACEF59329678EC4007E2D61 /* AppDelegate.swift in Sources */,
				EACEF5A72967A643007E2D61 /* ReadViewController.swift in Sources */,
				EACEF59529678EC4007E2D61 /* SceneDelegate.swift in Sources */,
			);
			runOnlyForDeploymentPostprocessing = 0;
		};
/* End PBXSourcesBuildPhase section */

/* Begin PBXVariantGroup section */
		EACEF59829678EC4007E2D61 /* Main.storyboard */ = {
			isa = PBXVariantGroup;
			children = (
				EACEF59929678EC4007E2D61 /* Base */,
			);
			name = Main.storyboard;
			sourceTree = "<group>";
		};
		EACEF59D29678EC5007E2D61 /* LaunchScreen.storyboard */ = {
			isa = PBXVariantGroup;
			children = (
				EACEF59E29678EC5007E2D61 /* Base */,
			);
			name = LaunchScreen.storyboard;
			sourceTree = "<group>";
		};
/* End PBXVariantGroup section */

/* Begin XCBuildConfiguration section */
		EACEF5A129678EC5007E2D61 /* Debug */ = {
			isa = XCBuildConfiguration;
			buildSettings = {
				ALWAYS_SEARCH_USER_PATHS = NO;
				CLANG_ANALYZER_NONNULL = YES;
				CLANG_ANALYZER_NUMBER_OBJECT_CONVERSION = YES_AGGRESSIVE;
				CLANG_CXX_LANGUAGE_STANDARD = "gnu++20";
				CLANG_ENABLE_MODULES = YES;
				CLANG_ENABLE_OBJC_ARC = YES;
				CLANG_ENABLE_OBJC_WEAK = YES;
				CLANG_WARN_BLOCK_CAPTURE_AUTORELEASING = YES;
				CLANG_WARN_BOOL_CONVERSION = YES;
				CLANG_WARN_COMMA = YES;
				CLANG_WARN_CONSTANT_CONVERSION = YES;
				CLANG_WARN_DEPRECATED_OBJC_IMPLEMENTATIONS = YES;
				CLANG_WARN_DIRECT_OBJC_ISA_USAGE = YES_ERROR;
				CLANG_WARN_DOCUMENTATION_COMMENTS = YES;
				CLANG_WARN_EMPTY_BODY = YES;
				CLANG_WARN_ENUM_CONVERSION = YES;
				CLANG_WARN_INFINITE_RECURSION = YES;
				CLANG_WARN_INT_CONVERSION = YES;
				CLANG_WARN_NON_LITERAL_NULL_CONVERSION = YES;
				CLANG_WARN_OBJC_IMPLICIT_RETAIN_SELF = YES;
				CLANG_WARN_OBJC_LITERAL_CONVERSION = YES;
				CLANG_WARN_OBJC_ROOT_CLASS = YES_ERROR;
				CLANG_WARN_QUOTED_INCLUDE_IN_FRAMEWORK_HEADER = YES;
				CLANG_WARN_RANGE_LOOP_ANALYSIS = YES;
				CLANG_WARN_STRICT_PROTOTYPES = YES;
				CLANG_WARN_SUSPICIOUS_MOVE = YES;
				CLANG_WARN_UNGUARDED_AVAILABILITY = YES_AGGRESSIVE;
				CLANG_WARN_UNREACHABLE_CODE = YES;
				CLANG_WARN__DUPLICATE_METHOD_MATCH = YES;
				COPY_PHASE_STRIP = NO;
				DEBUG_INFORMATION_FORMAT = dwarf;
				ENABLE_STRICT_OBJC_MSGSEND = YES;
				ENABLE_TESTABILITY = YES;
				GCC_C_LANGUAGE_STANDARD = gnu11;
				GCC_DYNAMIC_NO_PIC = NO;
				GCC_NO_COMMON_BLOCKS = YES;
				GCC_OPTIMIZATION_LEVEL = 0;
				GCC_PREPROCESSOR_DEFINITIONS = (
					"DEBUG=1",
					"$(inherited)",
				);
				GCC_WARN_64_TO_32_BIT_CONVERSION = YES;
				GCC_WARN_ABOUT_RETURN_TYPE = YES_ERROR;
				GCC_WARN_UNDECLARED_SELECTOR = YES;
				GCC_WARN_UNINITIALIZED_AUTOS = YES_AGGRESSIVE;
				GCC_WARN_UNUSED_FUNCTION = YES;
				GCC_WARN_UNUSED_VARIABLE = YES;
				IPHONEOS_DEPLOYMENT_TARGET = 16.2;
				MTL_ENABLE_DEBUG_INFO = INCLUDE_SOURCE;
				MTL_FAST_MATH = YES;
				ONLY_ACTIVE_ARCH = YES;
				SDKROOT = iphoneos;
				SWIFT_ACTIVE_COMPILATION_CONDITIONS = DEBUG;
				SWIFT_OPTIMIZATION_LEVEL = "-Onone";
			};
			name = Debug;
		};
		EACEF5A229678EC5007E2D61 /* Release */ = {
			isa = XCBuildConfiguration;
			buildSettings = {
				ALWAYS_SEARCH_USER_PATHS = NO;
				CLANG_ANALYZER_NONNULL = YES;
				CLANG_ANALYZER_NUMBER_OBJECT_CONVERSION = YES_AGGRESSIVE;
				CLANG_CXX_LANGUAGE_STANDARD = "gnu++20";
				CLANG_ENABLE_MODULES = YES;
				CLANG_ENABLE_OBJC_ARC = YES;
				CLANG_ENABLE_OBJC_WEAK = YES;
				CLANG_WARN_BLOCK_CAPTURE_AUTORELEASING = YES;
				CLANG_WARN_BOOL_CONVERSION = YES;
				CLANG_WARN_COMMA = YES;
				CLANG_WARN_CONSTANT_CONVERSION = YES;
				CLANG_WARN_DEPRECATED_OBJC_IMPLEMENTATIONS = YES;
				CLANG_WARN_DIRECT_OBJC_ISA_USAGE = YES_ERROR;
				CLANG_WARN_DOCUMENTATION_COMMENTS = YES;
				CLANG_WARN_EMPTY_BODY = YES;
				CLANG_WARN_ENUM_CONVERSION = YES;
				CLANG_WARN_INFINITE_RECURSION = YES;
				CLANG_WARN_INT_CONVERSION = YES;
				CLANG_WARN_NON_LITERAL_NULL_CONVERSION = YES;
				CLANG_WARN_OBJC_IMPLICIT_RETAIN_SELF = YES;
				CLANG_WARN_OBJC_LITERAL_CONVERSION = YES;
				CLANG_WARN_OBJC_ROOT_CLASS = YES_ERROR;
				CLANG_WARN_QUOTED_INCLUDE_IN_FRAMEWORK_HEADER = YES;
				CLANG_WARN_RANGE_LOOP_ANALYSIS = YES;
				CLANG_WARN_STRICT_PROTOTYPES = YES;
				CLANG_WARN_SUSPICIOUS_MOVE = YES;
				CLANG_WARN_UNGUARDED_AVAILABILITY = YES_AGGRESSIVE;
				CLANG_WARN_UNREACHABLE_CODE = YES;
				CLANG_WARN__DUPLICATE_METHOD_MATCH = YES;
				COPY_PHASE_STRIP = NO;
				DEBUG_INFORMATION_FORMAT = "dwarf-with-dsym";
				ENABLE_NS_ASSERTIONS = NO;
				ENABLE_STRICT_OBJC_MSGSEND = YES;
				GCC_C_LANGUAGE_STANDARD = gnu11;
				GCC_NO_COMMON_BLOCKS = YES;
				GCC_WARN_64_TO_32_BIT_CONVERSION = YES;
				GCC_WARN_ABOUT_RETURN_TYPE = YES_ERROR;
				GCC_WARN_UNDECLARED_SELECTOR = YES;
				GCC_WARN_UNINITIALIZED_AUTOS = YES_AGGRESSIVE;
				GCC_WARN_UNUSED_FUNCTION = YES;
				GCC_WARN_UNUSED_VARIABLE = YES;
				IPHONEOS_DEPLOYMENT_TARGET = 16.2;
				MTL_ENABLE_DEBUG_INFO = NO;
				MTL_FAST_MATH = YES;
				SDKROOT = iphoneos;
				SWIFT_COMPILATION_MODE = wholemodule;
				SWIFT_OPTIMIZATION_LEVEL = "-O";
				VALIDATE_PRODUCT = YES;
			};
			name = Release;
		};
		EACEF5A429678EC5007E2D61 /* Debug */ = {
			isa = XCBuildConfiguration;
			buildSettings = {
				ASSETCATALOG_COMPILER_APPICON_NAME = AppIcon;
				ASSETCATALOG_COMPILER_GLOBAL_ACCENT_COLOR_NAME = AccentColor;
				CODE_SIGN_STYLE = Automatic;
				CURRENT_PROJECT_VERSION = 1;
				GENERATE_INFOPLIST_FILE = YES;
				INFOPLIST_FILE = "Chapter02-InputForm/Info.plist";
				INFOPLIST_KEY_UIApplicationSupportsIndirectInputEvents = YES;
				INFOPLIST_KEY_UILaunchStoryboardName = LaunchScreen;
				INFOPLIST_KEY_UIMainStoryboardFile = Main;
				INFOPLIST_KEY_UISupportedInterfaceOrientations = UIInterfaceOrientationPortrait;
				INFOPLIST_KEY_UISupportedInterfaceOrientations_iPad = "UIInterfaceOrientationLandscapeLeft UIInterfaceOrientationLandscapeRight UIInterfaceOrientationPortrait UIInterfaceOrientationPortraitUpsideDown";
				LD_RUNPATH_SEARCH_PATHS = (
					"$(inherited)",
					"@executable_path/Frameworks",
				);
				MARKETING_VERSION = 1.0;
				PRODUCT_BUNDLE_IDENTIFIER = "user.Chapter02-InputForm";
				PRODUCT_NAME = "$(TARGET_NAME)";
				SUPPORTED_PLATFORMS = "iphoneos iphonesimulator";
				SUPPORTS_MACCATALYST = NO;
				SUPPORTS_MAC_DESIGNED_FOR_IPHONE_IPAD = NO;
				SWIFT_EMIT_LOC_STRINGS = YES;
				SWIFT_VERSION = 5.0;
				TARGETED_DEVICE_FAMILY = 1;
			};
			name = Debug;
		};
		EACEF5A529678EC5007E2D61 /* Release */ = {
			isa = XCBuildConfiguration;
			buildSettings = {
				ASSETCATALOG_COMPILER_APPICON_NAME = AppIcon;
				ASSETCATALOG_COMPILER_GLOBAL_ACCENT_COLOR_NAME = AccentColor;
				CODE_SIGN_STYLE = Automatic;
				CURRENT_PROJECT_VERSION = 1;
				GENERATE_INFOPLIST_FILE = YES;
				INFOPLIST_FILE = "Chapter02-InputForm/Info.plist";
				INFOPLIST_KEY_UIApplicationSupportsIndirectInputEvents = YES;
				INFOPLIST_KEY_UILaunchStoryboardName = LaunchScreen;
				INFOPLIST_KEY_UIMainStoryboardFile = Main;
				INFOPLIST_KEY_UISupportedInterfaceOrientations = UIInterfaceOrientationPortrait;
				INFOPLIST_KEY_UISupportedInterfaceOrientations_iPad = "UIInterfaceOrientationLandscapeLeft UIInterfaceOrientationLandscapeRight UIInterfaceOrientationPortrait UIInterfaceOrientationPortraitUpsideDown";
				LD_RUNPATH_SEARCH_PATHS = (
					"$(inherited)",
					"@executable_path/Frameworks",
				);
				MARKETING_VERSION = 1.0;
				PRODUCT_BUNDLE_IDENTIFIER = "user.Chapter02-InputForm";
				PRODUCT_NAME = "$(TARGET_NAME)";
				SUPPORTED_PLATFORMS = "iphoneos iphonesimulator";
				SUPPORTS_MACCATALYST = NO;
				SUPPORTS_MAC_DESIGNED_FOR_IPHONE_IPAD = NO;
				SWIFT_EMIT_LOC_STRINGS = YES;
				SWIFT_VERSION = 5.0;
				TARGETED_DEVICE_FAMILY = 1;
			};
			name = Release;
		};
/* End XCBuildConfiguration section */

/* Begin XCConfigurationList section */
		EACEF58A29678EC4007E2D61 /* Build configuration list for PBXProject "Chapter02-InputForm" */ = {
			isa = XCConfigurationList;
			buildConfigurations = (
				EACEF5A129678EC5007E2D61 /* Debug */,
				EACEF5A229678EC5007E2D61 /* Release */,
			);
			defaultConfigurationIsVisible = 0;
			defaultConfigurationName = Release;
		};
		EACEF5A329678EC5007E2D61 /* Build configuration list for PBXNativeTarget "Chapter02-InputForm" */ = {
			isa = XCConfigurationList;
			buildConfigurations = (
				EACEF5A429678EC5007E2D61 /* Debug */,
				EACEF5A529678EC5007E2D61 /* Release */,
			);
			defaultConfigurationIsVisible = 0;
			defaultConfigurationName = Release;
		};
/* End XCConfigurationList section */
	};
	rootObject = EACEF58729678EC4007E2D61 /* Project object */;
}
