// !$*UTF8*$!
{
	archiveVersion = 1;
	classes = {
	};
	objectVersion = 56;
	objects = {

/* Begin PBXBuildFile section */
		EAB297F32979620800B04323 /* AppDelegate.swift in Sources */ = {isa = PBXBuildFile; fileRef = EAB297F22979620800B04323 /* AppDelegate.swift */; };
		EAB297F52979620800B04323 /* SceneDelegate.swift in Sources */ = {isa = PBXBuildFile; fileRef = EAB297F42979620800B04323 /* SceneDelegate.swift */; };
		EAB297F72979620800B04323 /* ViewController.swift in Sources */ = {isa = PBXBuildFile; fileRef = EAB297F62979620800B04323 /* ViewController.swift */; };
		EAB297FA2979620800B04323 /* Main.storyboard in Resources */ = {isa = PBXBuildFile; fileRef = EAB297F82979620800B04323 /* Main.storyboard */; };
		EAB297FC2979620900B04323 /* Assets.xcassets in Resources */ = {isa = PBXBuildFile; fileRef = EAB297FB2979620900B04323 /* Assets.xcassets */; };
		EAB297FF2979620900B04323 /* LaunchScreen.storyboard in Resources */ = {isa = PBXBuildFile; fileRef = EAB297FD2979620900B04323 /* LaunchScreen.storyboard */; };
		EAB2980A297962C500B04323 /* libsqlite3.tbd in Frameworks */ = {isa = PBXBuildFile; fileRef = EAB29809297962C500B04323 /* libsqlite3.tbd */; };
		EAB298192979632400B04323 /* FMDatabasePool.m in Sources */ = {isa = PBXBuildFile; fileRef = EAB2980F2979632300B04323 /* FMDatabasePool.m */; };
		EAB2981A2979632400B04323 /* FMDatabaseAdditions.m in Sources */ = {isa = PBXBuildFile; fileRef = EAB298102979632300B04323 /* FMDatabaseAdditions.m */; };
		EAB2981B2979632400B04323 /* FMDatabaseQueue.m in Sources */ = {isa = PBXBuildFile; fileRef = EAB298112979632300B04323 /* FMDatabaseQueue.m */; };
		EAB2981C2979632400B04323 /* FMDatabase.m in Sources */ = {isa = PBXBuildFile; fileRef = EAB298132979632300B04323 /* FMDatabase.m */; };
		EAB2981D2979632400B04323 /* FMResultSet.m in Sources */ = {isa = PBXBuildFile; fileRef = EAB298182979632400B04323 /* FMResultSet.m */; };
		EAB2981F2979651C00B04323 /* DepartmentListVC.swift in Sources */ = {isa = PBXBuildFile; fileRef = EAB2981E2979651C00B04323 /* DepartmentListVC.swift */; };
		EAB298212979653200B04323 /* EmployeeListVC.swift in Sources */ = {isa = PBXBuildFile; fileRef = EAB298202979653200B04323 /* EmployeeListVC.swift */; };
		EAB298232979665E00B04323 /* hr.sqlite in Resources */ = {isa = PBXBuildFile; fileRef = EAB298222979665E00B04323 /* hr.sqlite */; };
		EAB298252979676000B04323 /* DepartmentDAO.swift in Sources */ = {isa = PBXBuildFile; fileRef = EAB298242979676000B04323 /* DepartmentDAO.swift */; };
		EAB2982729797A2A00B04323 /* EmployeeDAO.swift in Sources */ = {isa = PBXBuildFile; fileRef = EAB2982629797A2A00B04323 /* EmployeeDAO.swift */; };
/* End PBXBuildFile section */

/* Begin PBXFileReference section */
		EAB297EF2979620800B04323 /* Chapter06-HR.app */ = {isa = PBXFileReference; explicitFileType = wrapper.application; includeInIndex = 0; path = "Chapter06-HR.app"; sourceTree = BUILT_PRODUCTS_DIR; };
		EAB297F22979620800B04323 /* AppDelegate.swift */ = {isa = PBXFileReference; lastKnownFileType = sourcecode.swift; path = AppDelegate.swift; sourceTree = "<group>"; };
		EAB297F42979620800B04323 /* SceneDelegate.swift */ = {isa = PBXFileReference; lastKnownFileType = sourcecode.swift; path = SceneDelegate.swift; sourceTree = "<group>"; };
		EAB297F62979620800B04323 /* ViewController.swift */ = {isa = PBXFileReference; lastKnownFileType = sourcecode.swift; path = ViewController.swift; sourceTree = "<group>"; };
		EAB297F92979620800B04323 /* Base */ = {isa = PBXFileReference; lastKnownFileType = file.storyboard; name = Base; path = Base.lproj/Main.storyboard; sourceTree = "<group>"; };
		EAB297FB2979620900B04323 /* Assets.xcassets */ = {isa = PBXFileReference; lastKnownFileType = folder.assetcatalog; path = Assets.xcassets; sourceTree = "<group>"; };
		EAB297FE2979620900B04323 /* Base */ = {isa = PBXFileReference; lastKnownFileType = file.storyboard; name = Base; path = Base.lproj/LaunchScreen.storyboard; sourceTree = "<group>"; };
		EAB298002979620900B04323 /* Info.plist */ = {isa = PBXFileReference; lastKnownFileType = text.plist.xml; path = Info.plist; sourceTree = "<group>"; };
		EAB29809297962C500B04323 /* libsqlite3.tbd */ = {isa = PBXFileReference; lastKnownFileType = "sourcecode.text-based-dylib-definition"; name = libsqlite3.tbd; path = usr/lib/libsqlite3.tbd; sourceTree = SDKROOT; };
		EAB2980D2979632300B04323 /* Chapter06-HR-Bridging-Header.h */ = {isa = PBXFileReference; lastKnownFileType = sourcecode.c.h; path = "Chapter06-HR-Bridging-Header.h"; sourceTree = "<group>"; };
		EAB2980E2979632300B04323 /* FMDB.h */ = {isa = PBXFileReference; fileEncoding = 4; lastKnownFileType = sourcecode.c.h; path = FMDB.h; sourceTree = "<group>"; };
		EAB2980F2979632300B04323 /* FMDatabasePool.m */ = {isa = PBXFileReference; fileEncoding = 4; lastKnownFileType = sourcecode.c.objc; path = FMDatabasePool.m; sourceTree = "<group>"; };
		EAB298102979632300B04323 /* FMDatabaseAdditions.m */ = {isa = PBXFileReference; fileEncoding = 4; lastKnownFileType = sourcecode.c.objc; path = FMDatabaseAdditions.m; sourceTree = "<group>"; };
		EAB298112979632300B04323 /* FMDatabaseQueue.m */ = {isa = PBXFileReference; fileEncoding = 4; lastKnownFileType = sourcecode.c.objc; path = FMDatabaseQueue.m; sourceTree = "<group>"; };
		EAB298122979632300B04323 /* FMDatabaseAdditions.h */ = {isa = PBXFileReference; fileEncoding = 4; lastKnownFileType = sourcecode.c.h; path = FMDatabaseAdditions.h; sourceTree = "<group>"; };
		EAB298132979632300B04323 /* FMDatabase.m */ = {isa = PBXFileReference; fileEncoding = 4; lastKnownFileType = sourcecode.c.objc; path = FMDatabase.m; sourceTree = "<group>"; };
		EAB298142979632300B04323 /* FMDatabasePool.h */ = {isa = PBXFileReference; fileEncoding = 4; lastKnownFileType = sourcecode.c.h; path = FMDatabasePool.h; sourceTree = "<group>"; };
		EAB298152979632400B04323 /* FMResultSet.h */ = {isa = PBXFileReference; fileEncoding = 4; lastKnownFileType = sourcecode.c.h; path = FMResultSet.h; sourceTree = "<group>"; };
		EAB298162979632400B04323 /* FMDatabaseQueue.h */ = {isa = PBXFileReference; fileEncoding = 4; lastKnownFileType = sourcecode.c.h; path = FMDatabaseQueue.h; sourceTree = "<group>"; };
		EAB298172979632400B04323 /* FMDatabase.h */ = {isa = PBXFileReference; fileEncoding = 4; lastKnownFileType = sourcecode.c.h; path = FMDatabase.h; sourceTree = "<group>"; };
		EAB298182979632400B04323 /* FMResultSet.m */ = {isa = PBXFileReference; fileEncoding = 4; lastKnownFileType = sourcecode.c.objc; path = FMResultSet.m; sourceTree = "<group>"; };
		EAB2981E2979651C00B04323 /* DepartmentListVC.swift */ = {isa = PBXFileReference; lastKnownFileType = sourcecode.swift; path = DepartmentListVC.swift; sourceTree = "<group>"; };
		EAB298202979653200B04323 /* EmployeeListVC.swift */ = {isa = PBXFileReference; lastKnownFileType = sourcecode.swift; path = EmployeeListVC.swift; sourceTree = "<group>"; };
		EAB298222979665E00B04323 /* hr.sqlite */ = {isa = PBXFileReference; lastKnownFileType = file; path = hr.sqlite; sourceTree = "<group>"; };
		EAB298242979676000B04323 /* DepartmentDAO.swift */ = {isa = PBXFileReference; lastKnownFileType = sourcecode.swift; path = DepartmentDAO.swift; sourceTree = "<group>"; };
		EAB2982629797A2A00B04323 /* EmployeeDAO.swift */ = {isa = PBXFileReference; lastKnownFileType = sourcecode.swift; path = EmployeeDAO.swift; sourceTree = "<group>"; };
/* End PBXFileReference section */

/* Begin PBXFrameworksBuildPhase section */
		EAB297EC2979620800B04323 /* Frameworks */ = {
			isa = PBXFrameworksBuildPhase;
			buildActionMask = 2147483647;
			files = (
				EAB2980A297962C500B04323 /* libsqlite3.tbd in Frameworks */,
			);
			runOnlyForDeploymentPostprocessing = 0;
		};
/* End PBXFrameworksBuildPhase section */

/* Begin PBXGroup section */
		EAB297E62979620800B04323 = {
			isa = PBXGroup;
			children = (
				EAB2980C297962F000B04323 /* fmdb */,
				EAB297F12979620800B04323 /* Chapter06-HR */,
				EAB297F02979620800B04323 /* Products */,
				EAB29808297962C500B04323 /* Frameworks */,
			);
			sourceTree = "<group>";
		};
		EAB297F02979620800B04323 /* Products */ = {
			isa = PBXGroup;
			children = (
				EAB297EF2979620800B04323 /* Chapter06-HR.app */,
			);
			name = Products;
			sourceTree = "<group>";
		};
		EAB297F12979620800B04323 /* Chapter06-HR */ = {
			isa = PBXGroup;
			children = (
				EAB297F22979620800B04323 /* AppDelegate.swift */,
				EAB297F42979620800B04323 /* SceneDelegate.swift */,
				EAB297F62979620800B04323 /* ViewController.swift */,
				EAB297F82979620800B04323 /* Main.storyboard */,
				EAB298242979676000B04323 /* DepartmentDAO.swift */,
				EAB2982629797A2A00B04323 /* EmployeeDAO.swift */,
				EAB2981E2979651C00B04323 /* DepartmentListVC.swift */,
				EAB298222979665E00B04323 /* hr.sqlite */,
				EAB298202979653200B04323 /* EmployeeListVC.swift */,
				EAB297FB2979620900B04323 /* Assets.xcassets */,
				EAB297FD2979620900B04323 /* LaunchScreen.storyboard */,
				EAB298002979620900B04323 /* Info.plist */,
			);
			path = "Chapter06-HR";
			sourceTree = "<group>";
		};
		EAB29808297962C500B04323 /* Frameworks */ = {
			isa = PBXGroup;
			children = (
				EAB29809297962C500B04323 /* libsqlite3.tbd */,
			);
			name = Frameworks;
			sourceTree = "<group>";
		};
		EAB2980C297962F000B04323 /* fmdb */ = {
			isa = PBXGroup;
			children = (
				EAB298172979632400B04323 /* FMDatabase.h */,
				EAB298132979632300B04323 /* FMDatabase.m */,
				EAB298122979632300B04323 /* FMDatabaseAdditions.h */,
				EAB298102979632300B04323 /* FMDatabaseAdditions.m */,
				EAB298142979632300B04323 /* FMDatabasePool.h */,
				EAB2980F2979632300B04323 /* FMDatabasePool.m */,
				EAB298162979632400B04323 /* FMDatabaseQueue.h */,
				EAB298112979632300B04323 /* FMDatabaseQueue.m */,
				EAB2980E2979632300B04323 /* FMDB.h */,
				EAB298152979632400B04323 /* FMResultSet.h */,
				EAB298182979632400B04323 /* FMResultSet.m */,
				EAB2980D2979632300B04323 /* Chapter06-HR-Bridging-Header.h */,
			);
			path = fmdb;
			sourceTree = "<group>";
		};
/* End PBXGroup section */

/* Begin PBXNativeTarget section */
		EAB297EE2979620800B04323 /* Chapter06-HR */ = {
			isa = PBXNativeTarget;
			buildConfigurationList = EAB298032979620900B04323 /* Build configuration list for PBXNativeTarget "Chapter06-HR" */;
			buildPhases = (
				EAB297EB2979620800B04323 /* Sources */,
				EAB297EC2979620800B04323 /* Frameworks */,
				EAB297ED2979620800B04323 /* Resources */,
			);
			buildRules = (
			);
			dependencies = (
			);
			name = "Chapter06-HR";
			productName = "Chapter06-HR";
			productReference = EAB297EF2979620800B04323 /* Chapter06-HR.app */;
			productType = "com.apple.product-type.application";
		};
/* End PBXNativeTarget section */

/* Begin PBXProject section */
		EAB297E72979620800B04323 /* Project object */ = {
			isa = PBXProject;
			attributes = {
				BuildIndependentTargetsInParallel = 1;
				LastSwiftUpdateCheck = 1420;
				LastUpgradeCheck = 1420;
				TargetAttributes = {
					EAB297EE2979620800B04323 = {
						CreatedOnToolsVersion = 14.2;
						LastSwiftMigration = 1420;
					};
				};
			};
			buildConfigurationList = EAB297EA2979620800B04323 /* Build configuration list for PBXProject "Chapter06-HR" */;
			compatibilityVersion = "Xcode 14.0";
			developmentRegion = en;
			hasScannedForEncodings = 0;
			knownRegions = (
				en,
				Base,
			);
			mainGroup = EAB297E62979620800B04323;
			productRefGroup = EAB297F02979620800B04323 /* Products */;
			projectDirPath = "";
			projectRoot = "";
			targets = (
				EAB297EE2979620800B04323 /* Chapter06-HR */,
			);
		};
/* End PBXProject section */

/* Begin PBXResourcesBuildPhase section */
		EAB297ED2979620800B04323 /* Resources */ = {
			isa = PBXResourcesBuildPhase;
			buildActionMask = 2147483647;
			files = (
				EAB297FF2979620900B04323 /* LaunchScreen.storyboard in Resources */,
				EAB297FC2979620900B04323 /* Assets.xcassets in Resources */,
				EAB297FA2979620800B04323 /* Main.storyboard in Resources */,
				EAB298232979665E00B04323 /* hr.sqlite in Resources */,
			);
			runOnlyForDeploymentPostprocessing = 0;
		};
/* End PBXResourcesBuildPhase section */

/* Begin PBXSourcesBuildPhase section */
		EAB297EB2979620800B04323 /* Sources */ = {
			isa = PBXSourcesBuildPhase;
			buildActionMask = 2147483647;
			files = (
				EAB2982729797A2A00B04323 /* EmployeeDAO.swift in Sources */,
				EAB297F72979620800B04323 /* ViewController.swift in Sources */,
				EAB2981F2979651C00B04323 /* DepartmentListVC.swift in Sources */,
				EAB298252979676000B04323 /* DepartmentDAO.swift in Sources */,
				EAB298212979653200B04323 /* EmployeeListVC.swift in Sources */,
				EAB298192979632400B04323 /* FMDatabasePool.m in Sources */,
				EAB297F32979620800B04323 /* AppDelegate.swift in Sources */,
				EAB2981C2979632400B04323 /* FMDatabase.m in Sources */,
				EAB297F52979620800B04323 /* SceneDelegate.swift in Sources */,
				EAB2981A2979632400B04323 /* FMDatabaseAdditions.m in Sources */,
				EAB2981D2979632400B04323 /* FMResultSet.m in Sources */,
				EAB2981B2979632400B04323 /* FMDatabaseQueue.m in Sources */,
			);
			runOnlyForDeploymentPostprocessing = 0;
		};
/* End PBXSourcesBuildPhase section */

/* Begin PBXVariantGroup section */
		EAB297F82979620800B04323 /* Main.storyboard */ = {
			isa = PBXVariantGroup;
			children = (
				EAB297F92979620800B04323 /* Base */,
			);
			name = Main.storyboard;
			sourceTree = "<group>";
		};
		EAB297FD2979620900B04323 /* LaunchScreen.storyboard */ = {
			isa = PBXVariantGroup;
			children = (
				EAB297FE2979620900B04323 /* Base */,
			);
			name = LaunchScreen.storyboard;
			sourceTree = "<group>";
		};
/* End PBXVariantGroup section */

/* Begin XCBuildConfiguration section */
		EAB298012979620900B04323 /* Debug */ = {
			isa = XCBuildConfiguration;
			buildSettings = {
				ALWAYS_SEARCH_USER_PATHS = NO;
				CLANG_ANALYZER_NONNULL = YES;
				CLANG_ANALYZER_NUMBER_OBJECT_CONVERSION = YES_AGGRESSIVE;
				CLANG_CXX_LANGUAGE_STANDARD = "gnu++20";
				CLANG_ENABLE_MODULES = YES;
				CLANG_ENABLE_OBJC_ARC = YES;
				CLANG_ENABLE_OBJC_WEAK = YES;
				CLANG_WARN_BLOCK_CAPTURE_AUTORELEASING = YES;
				CLANG_WARN_BOOL_CONVERSION = YES;
				CLANG_WARN_COMMA = YES;
				CLANG_WARN_CONSTANT_CONVERSION = YES;
				CLANG_WARN_DEPRECATED_OBJC_IMPLEMENTATIONS = YES;
				CLANG_WARN_DIRECT_OBJC_ISA_USAGE = YES_ERROR;
				CLANG_WARN_DOCUMENTATION_COMMENTS = YES;
				CLANG_WARN_EMPTY_BODY = YES;
				CLANG_WARN_ENUM_CONVERSION = YES;
				CLANG_WARN_INFINITE_RECURSION = YES;
				CLANG_WARN_INT_CONVERSION = YES;
				CLANG_WARN_NON_LITERAL_NULL_CONVERSION = YES;
				CLANG_WARN_OBJC_IMPLICIT_RETAIN_SELF = YES;
				CLANG_WARN_OBJC_LITERAL_CONVERSION = YES;
				CLANG_WARN_OBJC_ROOT_CLASS = YES_ERROR;
				CLANG_WARN_QUOTED_INCLUDE_IN_FRAMEWORK_HEADER = YES;
				CLANG_WARN_RANGE_LOOP_ANALYSIS = YES;
				CLANG_WARN_STRICT_PROTOTYPES = YES;
				CLANG_WARN_SUSPICIOUS_MOVE = YES;
				CLANG_WARN_UNGUARDED_AVAILABILITY = YES_AGGRESSIVE;
				CLANG_WARN_UNREACHABLE_CODE = YES;
				CLANG_WARN__DUPLICATE_METHOD_MATCH = YES;
				COPY_PHASE_STRIP = NO;
				DEBUG_INFORMATION_FORMAT = dwarf;
				ENABLE_STRICT_OBJC_MSGSEND = YES;
				ENABLE_TESTABILITY = YES;
				GCC_C_LANGUAGE_STANDARD = gnu11;
				GCC_DYNAMIC_NO_PIC = NO;
				GCC_NO_COMMON_BLOCKS = YES;
				GCC_OPTIMIZATION_LEVEL = 0;
				GCC_PREPROCESSOR_DEFINITIONS = (
					"DEBUG=1",
					"$(inherited)",
				);
				GCC_WARN_64_TO_32_BIT_CONVERSION = YES;
				GCC_WARN_ABOUT_RETURN_TYPE = YES_ERROR;
				GCC_WARN_UNDECLARED_SELECTOR = YES;
				GCC_WARN_UNINITIALIZED_AUTOS = YES_AGGRESSIVE;
				GCC_WARN_UNUSED_FUNCTION = YES;
				GCC_WARN_UNUSED_VARIABLE = YES;
				IPHONEOS_DEPLOYMENT_TARGET = 16.2;
				MTL_ENABLE_DEBUG_INFO = INCLUDE_SOURCE;
				MTL_FAST_MATH = YES;
				ONLY_ACTIVE_ARCH = YES;
				SDKROOT = iphoneos;
				SWIFT_ACTIVE_COMPILATION_CONDITIONS = DEBUG;
				SWIFT_OPTIMIZATION_LEVEL = "-Onone";
			};
			name = Debug;
		};
		EAB298022979620900B04323 /* Release */ = {
			isa = XCBuildConfiguration;
			buildSettings = {
				ALWAYS_SEARCH_USER_PATHS = NO;
				CLANG_ANALYZER_NONNULL = YES;
				CLANG_ANALYZER_NUMBER_OBJECT_CONVERSION = YES_AGGRESSIVE;
				CLANG_CXX_LANGUAGE_STANDARD = "gnu++20";
				CLANG_ENABLE_MODULES = YES;
				CLANG_ENABLE_OBJC_ARC = YES;
				CLANG_ENABLE_OBJC_WEAK = YES;
				CLANG_WARN_BLOCK_CAPTURE_AUTORELEASING = YES;
				CLANG_WARN_BOOL_CONVERSION = YES;
				CLANG_WARN_COMMA = YES;
				CLANG_WARN_CONSTANT_CONVERSION = YES;
				CLANG_WARN_DEPRECATED_OBJC_IMPLEMENTATIONS = YES;
				CLANG_WARN_DIRECT_OBJC_ISA_USAGE = YES_ERROR;
				CLANG_WARN_DOCUMENTATION_COMMENTS = YES;
				CLANG_WARN_EMPTY_BODY = YES;
				CLANG_WARN_ENUM_CONVERSION = YES;
				CLANG_WARN_INFINITE_RECURSION = YES;
				CLANG_WARN_INT_CONVERSION = YES;
				CLANG_WARN_NON_LITERAL_NULL_CONVERSION = YES;
				CLANG_WARN_OBJC_IMPLICIT_RETAIN_SELF = YES;
				CLANG_WARN_OBJC_LITERAL_CONVERSION = YES;
				CLANG_WARN_OBJC_ROOT_CLASS = YES_ERROR;
				CLANG_WARN_QUOTED_INCLUDE_IN_FRAMEWORK_HEADER = YES;
				CLANG_WARN_RANGE_LOOP_ANALYSIS = YES;
				CLANG_WARN_STRICT_PROTOTYPES = YES;
				CLANG_WARN_SUSPICIOUS_MOVE = YES;
				CLANG_WARN_UNGUARDED_AVAILABILITY = YES_AGGRESSIVE;
				CLANG_WARN_UNREACHABLE_CODE = YES;
				CLANG_WARN__DUPLICATE_METHOD_MATCH = YES;
				COPY_PHASE_STRIP = NO;
				DEBUG_INFORMATION_FORMAT = "dwarf-with-dsym";
				ENABLE_NS_ASSERTIONS = NO;
				ENABLE_STRICT_OBJC_MSGSEND = YES;
				GCC_C_LANGUAGE_STANDARD = gnu11;
				GCC_NO_COMMON_BLOCKS = YES;
				GCC_WARN_64_TO_32_BIT_CONVERSION = YES;
				GCC_WARN_ABOUT_RETURN_TYPE = YES_ERROR;
				GCC_WARN_UNDECLARED_SELECTOR = YES;
				GCC_WARN_UNINITIALIZED_AUTOS = YES_AGGRESSIVE;
				GCC_WARN_UNUSED_FUNCTION = YES;
				GCC_WARN_UNUSED_VARIABLE = YES;
				IPHONEOS_DEPLOYMENT_TARGET = 16.2;
				MTL_ENABLE_DEBUG_INFO = NO;
				MTL_FAST_MATH = YES;
				SDKROOT = iphoneos;
				SWIFT_COMPILATION_MODE = wholemodule;
				SWIFT_OPTIMIZATION_LEVEL = "-O";
				VALIDATE_PRODUCT = YES;
			};
			name = Release;
		};
		EAB298042979620900B04323 /* Debug */ = {
			isa = XCBuildConfiguration;
			buildSettings = {
				ASSETCATALOG_COMPILER_APPICON_NAME = AppIcon;
				ASSETCATALOG_COMPILER_GLOBAL_ACCENT_COLOR_NAME = AccentColor;
				CLANG_ENABLE_MODULES = YES;
				CODE_SIGN_STYLE = Automatic;
				CURRENT_PROJECT_VERSION = 1;
				GENERATE_INFOPLIST_FILE = YES;
				INFOPLIST_FILE = "Chapter06-HR/Info.plist";
				INFOPLIST_KEY_UIApplicationSupportsIndirectInputEvents = YES;
				INFOPLIST_KEY_UILaunchStoryboardName = LaunchScreen;
				INFOPLIST_KEY_UIMainStoryboardFile = Main;
				INFOPLIST_KEY_UISupportedInterfaceOrientations = UIInterfaceOrientationPortrait;
				INFOPLIST_KEY_UISupportedInterfaceOrientations_iPad = "UIInterfaceOrientationLandscapeLeft UIInterfaceOrientationLandscapeRight UIInterfaceOrientationPortrait UIInterfaceOrientationPortraitUpsideDown";
				LD_RUNPATH_SEARCH_PATHS = (
					"$(inherited)",
					"@executable_path/Frameworks",
				);
				MARKETING_VERSION = 1.0;
				PRODUCT_BUNDLE_IDENTIFIER = "user.Chapter06-HR";
				PRODUCT_NAME = "$(TARGET_NAME)";
				SUPPORTED_PLATFORMS = "iphoneos iphonesimulator";
				SUPPORTS_MACCATALYST = NO;
				SUPPORTS_MAC_DESIGNED_FOR_IPHONE_IPAD = NO;
				SWIFT_EMIT_LOC_STRINGS = YES;
				SWIFT_OBJC_BRIDGING_HEADER = "fmdb/Chapter06-HR-Bridging-Header.h";
				SWIFT_OPTIMIZATION_LEVEL = "-Onone";
				SWIFT_VERSION = 5.0;
				TARGETED_DEVICE_FAMILY = 1;
			};
			name = Debug;
		};
		EAB298052979620900B04323 /* Release */ = {
			isa = XCBuildConfiguration;
			buildSettings = {
				ASSETCATALOG_COMPILER_APPICON_NAME = AppIcon;
				ASSETCATALOG_COMPILER_GLOBAL_ACCENT_COLOR_NAME = AccentColor;
				CLANG_ENABLE_MODULES = YES;
				CODE_SIGN_STYLE = Automatic;
				CURRENT_PROJECT_VERSION = 1;
				GENERATE_INFOPLIST_FILE = YES;
				INFOPLIST_FILE = "Chapter06-HR/Info.plist";
				INFOPLIST_KEY_UIApplicationSupportsIndirectInputEvents = YES;
				INFOPLIST_KEY_UILaunchStoryboardName = LaunchScreen;
				INFOPLIST_KEY_UIMainStoryboardFile = Main;
				INFOPLIST_KEY_UISupportedInterfaceOrientations = UIInterfaceOrientationPortrait;
				INFOPLIST_KEY_UISupportedInterfaceOrientations_iPad = "UIInterfaceOrientationLandscapeLeft UIInterfaceOrientationLandscapeRight UIInterfaceOrientationPortrait UIInterfaceOrientationPortraitUpsideDown";
				LD_RUNPATH_SEARCH_PATHS = (
					"$(inherited)",
					"@executable_path/Frameworks",
				);
				MARKETING_VERSION = 1.0;
				PRODUCT_BUNDLE_IDENTIFIER = "user.Chapter06-HR";
				PRODUCT_NAME = "$(TARGET_NAME)";
				SUPPORTED_PLATFORMS = "iphoneos iphonesimulator";
				SUPPORTS_MACCATALYST = NO;
				SUPPORTS_MAC_DESIGNED_FOR_IPHONE_IPAD = NO;
				SWIFT_EMIT_LOC_STRINGS = YES;
				SWIFT_OBJC_BRIDGING_HEADER = "fmdb/Chapter06-HR-Bridging-Header.h";
				SWIFT_VERSION = 5.0;
				TARGETED_DEVICE_FAMILY = 1;
			};
			name = Release;
		};
/* End XCBuildConfiguration section */

/* Begin XCConfigurationList section */
		EAB297EA2979620800B04323 /* Build configuration list for PBXProject "Chapter06-HR" */ = {
			isa = XCConfigurationList;
			buildConfigurations = (
				EAB298012979620900B04323 /* Debug */,
				EAB298022979620900B04323 /* Release */,
			);
			defaultConfigurationIsVisible = 0;
			defaultConfigurationName = Release;
		};
		EAB298032979620900B04323 /* Build configuration list for PBXNativeTarget "Chapter06-HR" */ = {
			isa = XCConfigurationList;
			buildConfigurations = (
				EAB298042979620900B04323 /* Debug */,
				EAB298052979620900B04323 /* Release */,
			);
			defaultConfigurationIsVisible = 0;
			defaultConfigurationName = Release;
		};
/* End XCConfigurationList section */
	};
	rootObject = EAB297E72979620800B04323 /* Project object */;
}
